<?xml version="1.0" encoding="utf-8"?>
<Project ToolsVersion="14.0" xmlns="http://schemas.microsoft.com/developer/msbuild/2003">
  <ItemGroup>
    <Filter Include="Graphics">
      <UniqueIdentifier>{623022f3-a3ef-4ff0-8b2a-2164fe49ff54}</UniqueIdentifier>
    </Filter>
    <Filter Include="Math">
      <UniqueIdentifier>{ad5cd00a-2515-4eee-9a37-a3864a6c0330}</UniqueIdentifier>
    </Filter>
    <Filter Include="Graphics\Buffers">
      <UniqueIdentifier>{0c6dc1f3-7aa4-4e50-9ef2-47e1860517bf}</UniqueIdentifier>
    </Filter>
    <Filter Include="Graphics\GraphicDevice">
      <UniqueIdentifier>{4bf959f2-6547-4465-948b-8c4f5bbf1c43}</UniqueIdentifier>
    </Filter>
    <Filter Include="Graphics\ApiWrappers">
      <UniqueIdentifier>{5d8516f0-5baf-45d3-9361-5b167b82ba7d}</UniqueIdentifier>
    </Filter>
    <Filter Include="Graphics\Shaders">
      <UniqueIdentifier>{a12e0eb1-1f7f-4878-9802-5fe2502dd7ce}</UniqueIdentifier>
    </Filter>
    <Filter Include="Graphics\Texture">
      <UniqueIdentifier>{5db6bad2-1f42-46c9-949b-43f85b161ab5}</UniqueIdentifier>
    </Filter>
    <Filter Include="Logger">
      <UniqueIdentifier>{98e5b8dd-5780-4a82-99ba-c30ba4c18080}</UniqueIdentifier>
    </Filter>
    <Filter Include="Graphics\SamplerStates">
      <UniqueIdentifier>{1499a517-e33d-4ed3-a917-28aad7812b60}</UniqueIdentifier>
    </Filter>
    <Filter Include="Cameras">
      <UniqueIdentifier>{080dc560-a676-41b6-b7f7-c716531e8269}</UniqueIdentifier>
    </Filter>
    <Filter Include="Resource Files">
      <UniqueIdentifier>{67DA6AB6-F800-4c08-8B7A-83BB121AAD01}</UniqueIdentifier>
      <Extensions>rc;ico;cur;bmp;dlg;rc2;rct;bin;rgs;gif;jpg;jpeg;jpe;resx;tga;tiff;tif;png;wav;mfcribbon-ms</Extensions>
    </Filter>
    <Filter Include="Input">
      <UniqueIdentifier>{657caccc-38f6-4ede-acf6-9f15631d900a}</UniqueIdentifier>
    </Filter>
    <Filter Include="Effects">
      <UniqueIdentifier>{a38116de-21ee-4bf3-b79b-d8c169278854}</UniqueIdentifier>
    </Filter>
    <Filter Include="Managers">
      <UniqueIdentifier>{5f93e60e-deb1-4a20-99a2-e2854810ce2e}</UniqueIdentifier>
    </Filter>
    <Filter Include="Component">
      <UniqueIdentifier>{dd284cb2-f861-4b6e-8b91-64641976584d}</UniqueIdentifier>
    </Filter>
    <Filter Include="Common">
      <UniqueIdentifier>{1ef690cf-029d-4a8b-a92d-54802b687041}</UniqueIdentifier>
    </Filter>
    <Filter Include="Common\Services">
      <UniqueIdentifier>{c02832b1-620c-4c7f-9e3a-d7894e9ec17f}</UniqueIdentifier>
    </Filter>
    <Filter Include="Graphics\Common">
      <UniqueIdentifier>{901351dd-79a3-4d82-a689-e2a98e5bb8e4}</UniqueIdentifier>
    </Filter>
  </ItemGroup>
  <ItemGroup>
    <ClCompile Include="Sources\DX11ApiConstantBufferWrapper.cpp">
      <Filter>Graphics\ApiWrappers</Filter>
    </ClCompile>
    <ClCompile Include="Sources\DX11ApiIndexBufferWrapper.cpp">
      <Filter>Graphics\ApiWrappers</Filter>
    </ClCompile>
    <ClCompile Include="Sources\DX11ApiPixelShaderWrapper.cpp">
      <Filter>Graphics\ApiWrappers</Filter>
    </ClCompile>
    <ClCompile Include="Sources\DX11ApiSamplerStateWrapper.cpp">
      <Filter>Graphics\ApiWrappers</Filter>
    </ClCompile>
    <ClCompile Include="Sources\DX11ApiTexture2DWrapper.cpp">
      <Filter>Graphics\ApiWrappers</Filter>
    </ClCompile>
    <ClCompile Include="Sources\DX11ApiVertexBufferWrapper.cpp">
      <Filter>Graphics\ApiWrappers</Filter>
    </ClCompile>
    <ClCompile Include="Sources\DX11ApiVertexShaderWrapper.cpp">
      <Filter>Graphics\ApiWrappers</Filter>
    </ClCompile>
    <ClCompile Include="Sources\DX11GraphicContext.cpp">
      <Filter>Graphics\GraphicDevice</Filter>
    </ClCompile>
    <ClCompile Include="Sources\DX11GraphicDevice.cpp">
      <Filter>Graphics\GraphicDevice</Filter>
    </ClCompile>
    <ClCompile Include="Sources\Logger.cpp">
      <Filter>Logger</Filter>
    </ClCompile>
    <ClCompile Include="Sources\Matrix.cpp">
      <Filter>Math</Filter>
    </ClCompile>
    <ClCompile Include="Sources\OrtographicalCamera.cpp">
      <Filter>Cameras</Filter>
    </ClCompile>
    <ClCompile Include="Sources\PerspectiveCamera.cpp">
      <Filter>Cameras</Filter>
    </ClCompile>
    <ClCompile Include="Sources\PixelShader.cpp">
      <Filter>Graphics\Shaders</Filter>
    </ClCompile>
    <ClCompile Include="Sources\SamplerState.cpp">
      <Filter>Graphics\SamplerStates</Filter>
    </ClCompile>
    <ClCompile Include="Sources\Vector2.cpp">
      <Filter>Math</Filter>
    </ClCompile>
    <ClCompile Include="Sources\Vector3.cpp">
      <Filter>Math</Filter>
    </ClCompile>
    <ClCompile Include="Sources\Vector4.cpp">
      <Filter>Math</Filter>
    </ClCompile>
    <ClCompile Include="Sources\ContentManager.cpp">
      <Filter>Managers</Filter>
    </ClCompile>
    <ClCompile Include="Sources\GraphicManager.cpp">
      <Filter>Managers</Filter>
    </ClCompile>
    <ClCompile Include="Sources\InputManager.cpp">
      <Filter>Managers</Filter>
    </ClCompile>
    <ClCompile Include="Sources\DrawableGameComponent.cpp">
      <Filter>Component</Filter>
    </ClCompile>
    <ClCompile Include="Sources\GameComponent.cpp">
      <Filter>Component</Filter>
    </ClCompile>
    <ClCompile Include="Sources\ShaderLoaderService.cpp">
      <Filter>Common\Services</Filter>
    </ClCompile>
    <ClCompile Include="Sources\ShaderManagerService.cpp">
      <Filter>Common\Services</Filter>
    </ClCompile>
    <ClCompile Include="Sources\ShadersRegistryService.cpp">
      <Filter>Common\Services</Filter>
    </ClCompile>
    <ClCompile Include="Sources\File.cpp">
      <Filter>Common</Filter>
    </ClCompile>
    <ClCompile Include="Sources\WicColorTexture2DLoaderService.cpp">
      <Filter>Common\Services</Filter>
    </ClCompile>
    <ClCompile Include="Sources\VertexShader.cpp">
      <Filter>Graphics\Shaders</Filter>
    </ClCompile>
    <ClCompile Include="Sources\Color.cpp">
      <Filter>Graphics\Common</Filter>
    </ClCompile>
    <ClCompile Include="Sources\GameComponentCollection.cpp" />
    <ClCompile Include="Sources\VertexPositionColor.cpp">
      <Filter>Graphics\Common</Filter>
    </ClCompile>
    <ClCompile Include="Sources\VertexPositionColorTexture.cpp">
      <Filter>Graphics\Common</Filter>
    </ClCompile>
  </ItemGroup>
  <ItemGroup>
    <ClInclude Include="targetver.h" />
    <ClInclude Include="Includes\OrtographicalCamera.h">
      <Filter>Cameras</Filter>
    </ClInclude>
    <ClInclude Include="Includes\PerspectiveCamera.h">
      <Filter>Cameras</Filter>
    </ClInclude>
    <ClInclude Include="Includes\ConstBuffer.h">
      <Filter>Graphics\Buffers</Filter>
    </ClInclude>
    <ClInclude Include="Includes\DX11ApiConstantBufferWrapper.h">
      <Filter>Graphics\ApiWrappers</Filter>
    </ClInclude>
    <ClInclude Include="Includes\DX11ApiIndexBufferWrapper.h">
      <Filter>Graphics\ApiWrappers</Filter>
    </ClInclude>
    <ClInclude Include="Includes\DX11ApiPixelShaderWrapper.h">
      <Filter>Graphics\ApiWrappers</Filter>
    </ClInclude>
    <ClInclude Include="Includes\DX11ApiSamplerStateWrapper.h">
      <Filter>Graphics\ApiWrappers</Filter>
    </ClInclude>
    <ClInclude Include="Includes\DX11ApiTexture2DWrapper.h">
      <Filter>Graphics\ApiWrappers</Filter>
    </ClInclude>
    <ClInclude Include="Includes\DX11ApiVertexBufferWrapper.h">
      <Filter>Graphics\ApiWrappers</Filter>
    </ClInclude>
    <ClInclude Include="Includes\DX11ApiVertexShaderWrapper.h">
      <Filter>Graphics\ApiWrappers</Filter>
    </ClInclude>
    <ClInclude Include="Includes\DX11GraphicContext.h">
      <Filter>Graphics\GraphicDevice</Filter>
    </ClInclude>
    <ClInclude Include="Includes\DX11GraphicDevice.h">
      <Filter>Graphics\GraphicDevice</Filter>
    </ClInclude>
    <ClInclude Include="Includes\IApiGraphicResourceWrapper.h">
      <Filter>Graphics\ApiWrappers</Filter>
    </ClInclude>
    <ClInclude Include="Includes\IndexBuffer.h">
      <Filter>Graphics\Buffers</Filter>
    </ClInclude>
    <ClInclude Include="Includes\PixelShader.h">
      <Filter>Graphics\Shaders</Filter>
    </ClInclude>
    <ClInclude Include="Includes\SamplerState.h">
      <Filter>Graphics\SamplerStates</Filter>
    </ClInclude>
    <ClInclude Include="Includes\Texture2D.h">
      <Filter>Graphics\Texture</Filter>
    </ClInclude>
    <ClInclude Include="Includes\VertexBuffer.h">
      <Filter>Graphics\Buffers</Filter>
    </ClInclude>
    <ClInclude Include="Includes\VertexShader.h">
      <Filter>Graphics\Shaders</Filter>
    </ClInclude>
    <ClInclude Include="Includes\IKeyboardController.h">
      <Filter>Input</Filter>
    </ClInclude>
    <ClInclude Include="Includes\ILogger.h">
      <Filter>Logger</Filter>
    </ClInclude>
    <ClInclude Include="Includes\Logger.h">
      <Filter>Logger</Filter>
    </ClInclude>
    <ClInclude Include="Includes\Matrix.h">
      <Filter>Math</Filter>
    </ClInclude>
    <ClInclude Include="Includes\Vector2.h">
      <Filter>Math</Filter>
    </ClInclude>
    <ClInclude Include="Includes\Vector3.h">
      <Filter>Math</Filter>
    </ClInclude>
    <ClInclude Include="Includes\Vector4.h">
      <Filter>Math</Filter>
    </ClInclude>
    <ClInclude Include="Includes\ContentManager.h">
      <Filter>Managers</Filter>
    </ClInclude>
    <ClInclude Include="Includes\IContentManager.h">
      <Filter>Managers</Filter>
    </ClInclude>
    <ClInclude Include="Includes\GraphicManager.h">
      <Filter>Managers</Filter>
    </ClInclude>
    <ClInclude Include="Includes\IInputManager.h">
      <Filter>Managers</Filter>
    </ClInclude>
    <ClInclude Include="Includes\IGraphicManager.h">
      <Filter>Managers</Filter>
    </ClInclude>
    <ClInclude Include="Includes\IManagersFactory.h">
      <Filter>Managers</Filter>
    </ClInclude>
    <ClInclude Include="Includes\InputManager.h">
      <Filter>Managers</Filter>
    </ClInclude>
    <ClInclude Include="Includes\DrawableGameComponent.h">
      <Filter>Component</Filter>
    </ClInclude>
    <ClInclude Include="Includes\GameComponent.h">
      <Filter>Component</Filter>
    </ClInclude>
    <ClInclude Include="Includes\IFileLoaderService.h">
      <Filter>Common\Services</Filter>
    </ClInclude>
    <ClInclude Include="Includes\ISamplerStatesService.h">
      <Filter>Common\Services</Filter>
    </ClInclude>
    <ClInclude Include="Includes\IShaderLoaderService.h">
      <Filter>Common\Services</Filter>
    </ClInclude>
    <ClInclude Include="Includes\IShaderManagerService.h">
      <Filter>Common\Services</Filter>
    </ClInclude>
    <ClInclude Include="Includes\ITextureLoaderService.h">
      <Filter>Common\Services</Filter>
    </ClInclude>
    <ClInclude Include="Includes\ShaderLoaderService.h">
      <Filter>Common\Services</Filter>
    </ClInclude>
    <ClInclude Include="Includes\ShaderManagerService.h">
      <Filter>Common\Services</Filter>
    </ClInclude>
    <ClInclude Include="Includes\ShadersRegistryService.h">
      <Filter>Common\Services</Filter>
    </ClInclude>
    <ClInclude Include="Includes\Common.h">
      <Filter>Common</Filter>
    </ClInclude>
    <ClInclude Include="Includes\File.h">
      <Filter>Common</Filter>
    </ClInclude>
    <ClInclude Include="Includes\IFile.h">
      <Filter>Common</Filter>
    </ClInclude>
    <ClInclude Include="Includes\WicColorTexture2DLoaderService.h">
      <Filter>Common\Services</Filter>
    </ClInclude>
    <ClInclude Include="Includes\IGraphicContext.h">
      <Filter>Graphics\GraphicDevice</Filter>
    </ClInclude>
    <ClInclude Include="Includes\IGraphicDevice.h">
      <Filter>Graphics\GraphicDevice</Filter>
    </ClInclude>
    <ClInclude Include="Includes\IConstBuffer.h">
      <Filter>Graphics\Buffers</Filter>
    </ClInclude>
    <ClInclude Include="Includes\IIndexBuffer.h">
      <Filter>Graphics\Buffers</Filter>
    </ClInclude>
    <ClInclude Include="Includes\IPixelShader.h">
      <Filter>Graphics\Shaders</Filter>
    </ClInclude>
    <ClInclude Include="Includes\IVertexShader.h">
      <Filter>Graphics\Shaders</Filter>
    </ClInclude>
    <ClInclude Include="Includes\IVertexBuffer.h">
      <Filter>Graphics\Buffers</Filter>
    </ClInclude>
    <ClInclude Include="Includes\ITexture.h">
      <Filter>Graphics\Texture</Filter>
    </ClInclude>
    <ClInclude Include="Includes\ISamplerState.h">
      <Filter>Graphics\SamplerStates</Filter>
    </ClInclude>
    <ClInclude Include="Includes\Color.h">
      <Filter>Graphics\Common</Filter>
    </ClInclude>
    <ClInclude Include="Includes\PrimitiveType.h">
      <Filter>Graphics\Common</Filter>
    </ClInclude>
    <ClInclude Include="Includes\VertexDeclaration.h">
      <Filter>Graphics\Common</Filter>
    </ClInclude>
    <ClInclude Include="Includes\GameComponentCollection.h" />
    <ClInclude Include="Includes\VertexPositionColorTexture.h">
      <Filter>Graphics\Common</Filter>
    </ClInclude>
    <ClInclude Include="Includes\VertexPositionColor.h">
      <Filter>Graphics\Common</Filter>
    </ClInclude>
    <ClInclude Include="Includes\Viewport.h" />
  </ItemGroup>
  <ItemGroup>
    <None Include="Includes\ConstBuffer.inl">
      <Filter>Graphics\Buffers</Filter>
    </None>
    <None Include="Includes\IndexBuffer.inl">
      <Filter>Graphics\Buffers</Filter>
    </None>
    <None Include="Includes\Texture2D.inl">
      <Filter>Graphics\Texture</Filter>
    </None>
    <None Include="Includes\VertexBuffer.inl">
      <Filter>Graphics\Buffers</Filter>
    </None>
  </ItemGroup>
</Project>