<?xml version="1.0" encoding="utf-8"?>
<Project ToolsVersion="14.0" xmlns="http://schemas.microsoft.com/developer/msbuild/2003">
  <ItemGroup>
    <Filter Include="Resource Files">
      <UniqueIdentifier>{67DA6AB6-F800-4c08-8B7A-83BB121AAD01}</UniqueIdentifier>
      <Extensions>rc;ico;cur;bmp;dlg;rc2;rct;bin;rgs;gif;jpg;jpeg;jpe;resx;tga;tiff;tif;png;wav;mfcribbon-ms</Extensions>
    </Filter>
    <Filter Include="Graphics">
      <UniqueIdentifier>{623022f3-a3ef-4ff0-8b2a-2164fe49ff54}</UniqueIdentifier>
    </Filter>
    <Filter Include="Math">
      <UniqueIdentifier>{ad5cd00a-2515-4eee-9a37-a3864a6c0330}</UniqueIdentifier>
    </Filter>
    <Filter Include="Graphics\Effects">
      <UniqueIdentifier>{a38116de-21ee-4bf3-b79b-d8c169278854}</UniqueIdentifier>
    </Filter>
    <Filter Include="Utils">
      <UniqueIdentifier>{1ef690cf-029d-4a8b-a92d-54802b687041}</UniqueIdentifier>
    </Filter>
    <Filter Include="Graphics\Buffers">
      <UniqueIdentifier>{0c6dc1f3-7aa4-4e50-9ef2-47e1860517bf}</UniqueIdentifier>
    </Filter>
    <Filter Include="Graphics\GraphicDevice">
      <UniqueIdentifier>{4bf959f2-6547-4465-948b-8c4f5bbf1c43}</UniqueIdentifier>
    </Filter>
    <Filter Include="Graphics\ApiWrappers">
      <UniqueIdentifier>{5d8516f0-5baf-45d3-9361-5b167b82ba7d}</UniqueIdentifier>
    </Filter>
    <Filter Include="Graphics\Shaders">
      <UniqueIdentifier>{a12e0eb1-1f7f-4878-9802-5fe2502dd7ce}</UniqueIdentifier>
    </Filter>
    <Filter Include="Graphics\Cameras">
      <UniqueIdentifier>{080dc560-a676-41b6-b7f7-c716531e8269}</UniqueIdentifier>
    </Filter>
  </ItemGroup>
  <ItemGroup>
    <ClCompile Include="EngineLib.cpp" />
    <ClCompile Include="Math\Matrix.cpp">
      <Filter>Math</Filter>
    </ClCompile>
    <ClCompile Include="Math\Vector2.cpp">
      <Filter>Math</Filter>
    </ClCompile>
    <ClCompile Include="Math\Vector3.cpp">
      <Filter>Math</Filter>
    </ClCompile>
    <ClCompile Include="Graphics\SimpleCamera.cpp">
      <Filter>Graphics\Cameras</Filter>
    </ClCompile>
    <ClCompile Include="Graphics\BasicEffect.cpp">
      <Filter>Graphics\Effects</Filter>
    </ClCompile>
    <ClCompile Include="Graphics\DX11GraphicContext.cpp">
      <Filter>Graphics\GraphicDevice</Filter>
    </ClCompile>
    <ClCompile Include="Graphics\DX11GraphicDevice.cpp">
      <Filter>Graphics\GraphicDevice</Filter>
    </ClCompile>
    <ClCompile Include="Graphics\DX11ApiVertexBufferWrapper.cpp">
      <Filter>Graphics\ApiWrappers</Filter>
    </ClCompile>
    <ClCompile Include="Graphics\DX11ApiIndexBufferWrapper.cpp">
      <Filter>Graphics\ApiWrappers</Filter>
    </ClCompile>
    <ClCompile Include="Graphics\DX11ApiPixelShaderWrapper.cpp">
      <Filter>Graphics\ApiWrappers</Filter>
    </ClCompile>
    <ClCompile Include="Graphics\DX11ApiVertexShaderWrapper.cpp">
      <Filter>Graphics\ApiWrappers</Filter>
    </ClCompile>
    <ClCompile Include="Graphics\PixelShader.cpp" />
    <ClCompile Include="Graphics\DX11ApiConstantBufferWrapper.cpp" />
  </ItemGroup>
  <ItemGroup>
    <ClInclude Include="EngineLib.h" />
    <ClInclude Include="targetver.h" />
    <ClInclude Include="Math\Matrix.h">
      <Filter>Math</Filter>
    </ClInclude>
    <ClInclude Include="Math\Vector2.h">
      <Filter>Math</Filter>
    </ClInclude>
    <ClInclude Include="Math\Vector3.h">
      <Filter>Math</Filter>
    </ClInclude>
    <ClInclude Include="Utils\Utils.h">
      <Filter>Utils</Filter>
    </ClInclude>
    <ClInclude Include="Graphics\IApiBufferWrapper.h">
      <Filter>Graphics\ApiWrappers</Filter>
    </ClInclude>
    <ClInclude Include="Graphics\IIndexBuffer.h">
      <Filter>Graphics</Filter>
    </ClInclude>
    <ClInclude Include="Graphics\IndexBuffer.h">
      <Filter>Graphics\Buffers</Filter>
    </ClInclude>
    <ClInclude Include="Graphics\VertexBuffer.h">
      <Filter>Graphics\Buffers</Filter>
    </ClInclude>
    <ClInclude Include="Graphics\SimpleCamera.h">
      <Filter>Graphics\Cameras</Filter>
    </ClInclude>
    <ClInclude Include="Graphics\BasicEffect.h">
      <Filter>Graphics\Effects</Filter>
    </ClInclude>
    <ClInclude Include="Graphics\DX11GraphicContext.h">
      <Filter>Graphics\GraphicDevice</Filter>
    </ClInclude>
    <ClInclude Include="Graphics\DX11GraphicDevice.h">
      <Filter>Graphics\GraphicDevice</Filter>
    </ClInclude>
    <ClInclude Include="Graphics\IGraphicDevice.h">
      <Filter>Graphics</Filter>
    </ClInclude>
    <ClInclude Include="Graphics\IGraphicContext.h">
      <Filter>Graphics</Filter>
    </ClInclude>
    <ClInclude Include="Graphics\IApiVertexShaderWrapper.h">
      <Filter>Graphics\ApiWrappers</Filter>
    </ClInclude>
    <ClInclude Include="Graphics\IApiPixelShaderWrapper.h">
      <Filter>Graphics\ApiWrappers</Filter>
    </ClInclude>
    <ClInclude Include="Graphics\DX11ApiVertexBufferWrapper.h">
      <Filter>Graphics\ApiWrappers</Filter>
    </ClInclude>
    <ClInclude Include="Graphics\DX11ApiIndexBufferWrapper.h">
      <Filter>Graphics\ApiWrappers</Filter>
    </ClInclude>
    <ClInclude Include="Graphics\DX11ApiPixelShaderWrapper.h">
      <Filter>Graphics\ApiWrappers</Filter>
    </ClInclude>
    <ClInclude Include="Graphics\DX11ApiVertexShaderWrapper.h">
      <Filter>Graphics\ApiWrappers</Filter>
    </ClInclude>
    <ClInclude Include="Graphics\IVertexBuffer.h">
      <Filter>Graphics</Filter>
    </ClInclude>
    <ClInclude Include="Graphics\VertexShader.h">
      <Filter>Graphics\Shaders</Filter>
    </ClInclude>
    <ClInclude Include="Graphics\VertexDeclaration.h">
      <Filter>Graphics</Filter>
    </ClInclude>
    <ClInclude Include="Graphics\PixelShader.h">
      <Filter>Graphics\Shaders</Filter>
    </ClInclude>
    <ClInclude Include="Graphics\IPixelShader.h" />
    <ClInclude Include="Graphics\IVertexShader.h">
      <Filter>Graphics</Filter>
    </ClInclude>
    <ClInclude Include="Graphics\DX11ApiConstantBufferWrapper.h" />
  </ItemGroup>
  <ItemGroup>
    <None Include="Graphics\IndexBuffer.inl">
      <Filter>Graphics\Buffers</Filter>
    </None>
    <None Include="Graphics\VertexBuffer.inl">
      <Filter>Graphics\Buffers</Filter>
    </None>
    <None Include="Graphics\VertexShader.inl">
      <Filter>Graphics\Shaders</Filter>
    </None>
  </ItemGroup>
</Project>