<?xml version="1.0" encoding="utf-8"?>
<Project ToolsVersion="14.0" xmlns="http://schemas.microsoft.com/developer/msbuild/2003">
  <ItemGroup>
    <Filter Include="Resource Files">
      <UniqueIdentifier>{67DA6AB6-F800-4c08-8B7A-83BB121AAD01}</UniqueIdentifier>
      <Extensions>rc;ico;cur;bmp;dlg;rc2;rct;bin;rgs;gif;jpg;jpeg;jpe;resx;tga;tiff;tif;png;wav;mfcribbon-ms</Extensions>
    </Filter>
    <Filter Include="Graphics">
      <UniqueIdentifier>{623022f3-a3ef-4ff0-8b2a-2164fe49ff54}</UniqueIdentifier>
    </Filter>
    <Filter Include="Math">
      <UniqueIdentifier>{ad5cd00a-2515-4eee-9a37-a3864a6c0330}</UniqueIdentifier>
    </Filter>
    <Filter Include="Graphics\Effects">
      <UniqueIdentifier>{a38116de-21ee-4bf3-b79b-d8c169278854}</UniqueIdentifier>
    </Filter>
    <Filter Include="Graphics\Utils">
      <UniqueIdentifier>{1ef690cf-029d-4a8b-a92d-54802b687041}</UniqueIdentifier>
    </Filter>
    <Filter Include="Graphics\Cameras">
      <UniqueIdentifier>{080dc560-a676-41b6-b7f7-c716531e8269}</UniqueIdentifier>
    </Filter>
  </ItemGroup>
  <ItemGroup>
    <ClCompile Include="EngineLib.cpp" />
    <ClCompile Include="Graphics\DX11GraphicDevice.cpp">
      <Filter>Graphics</Filter>
    </ClCompile>
    <ClCompile Include="Math\Matrix.cpp">
      <Filter>Math</Filter>
    </ClCompile>
    <ClCompile Include="Math\Vector2.cpp">
      <Filter>Math</Filter>
    </ClCompile>
    <ClCompile Include="Math\Vector3.cpp">
      <Filter>Math</Filter>
    </ClCompile>
    <ClCompile Include="Graphics\DX11GraphicContext.cpp">
      <Filter>Graphics</Filter>
    </ClCompile>
    <ClCompile Include="Graphics\Effects\BasicEffect.cpp">
      <Filter>Graphics\Effects</Filter>
    </ClCompile>
    <ClCompile Include="Graphics\Cameras\SimpleCamera.cpp">
      <Filter>Graphics\Cameras</Filter>
    </ClCompile>
  </ItemGroup>
  <ItemGroup>
    <ClInclude Include="EngineLib.h" />
    <ClInclude Include="targetver.h" />
    <ClInclude Include="Graphics\DX11GraphicDevice.h">
      <Filter>Graphics</Filter>
    </ClInclude>
    <ClInclude Include="Graphics\IGraphicDevice.h">
      <Filter>Graphics</Filter>
    </ClInclude>
    <ClInclude Include="Graphics\IndexBuffer.h">
      <Filter>Graphics</Filter>
    </ClInclude>
    <ClInclude Include="Graphics\VertexBuffer.h">
      <Filter>Graphics</Filter>
    </ClInclude>
    <ClInclude Include="Math\Matrix.h">
      <Filter>Math</Filter>
    </ClInclude>
    <ClInclude Include="Math\Vector2.h">
      <Filter>Math</Filter>
    </ClInclude>
    <ClInclude Include="Math\Vector3.h">
      <Filter>Math</Filter>
    </ClInclude>
    <ClInclude Include="Graphics\IVertexBuffer.h">
      <Filter>Graphics</Filter>
    </ClInclude>
    <ClInclude Include="Graphics\IIndexBuffer.h">
      <Filter>Graphics</Filter>
    </ClInclude>
    <ClInclude Include="Graphics\IGraphicContext.h">
      <Filter>Graphics</Filter>
    </ClInclude>
    <ClInclude Include="Graphics\DX11GraphicContext.h">
      <Filter>Graphics</Filter>
    </ClInclude>
    <ClInclude Include="Graphics\Effects\BasicEffect.h">
      <Filter>Graphics\Effects</Filter>
    </ClInclude>
    <ClInclude Include="Graphics\Cameras\SimpleCamera.h">
      <Filter>Graphics\Cameras</Filter>
    </ClInclude>
    <ClInclude Include="Graphics\Utils\WinUtils.h">
      <Filter>Graphics\Utils</Filter>
    </ClInclude>
    <ClInclude Include="Graphics\IApiVertexBuffer.h" />
    <ClInclude Include="Graphics\IDX11ApiVertexBuffer.h" />
  </ItemGroup>
  <ItemGroup>
    <None Include="Graphics\IndexBuffer.inl">
      <Filter>Graphics</Filter>
    </None>
    <None Include="Graphics\VertexBuffer.inl">
      <Filter>Graphics</Filter>
    </None>
  </ItemGroup>
</Project>