
Microsoft Visual Studio Solution File, Format Version 12.00
# Visual Studio 15
VisualStudioVersion = 15.0.27130.2020
MinimumVisualStudioVersion = 10.0.40219.1
Project("{8BC9CEB8-8B4A-11D0-8D11-00A0C91BC942}") = "GameTemplate", "GameTemplate\GameTemplate.vcxproj", "{577BE116-E553-4E07-8C79-79561DAEF459}"
	ProjectSection(ProjectDependencies) = postProject
		{91DBF905-E959-4382-9878-F5170FDE5649} = {91DBF905-E959-4382-9878-F5170FDE5649}
	EndProjectSection
EndProject
Project("{8BC9CEB8-8B4A-11D0-8D11-00A0C91BC942}") = "EngineLib", "EngineLib\EngineLib.vcxproj", "{2252AE5D-FA08-4A7A-9336-B9B65E98E592}"
EndProject
Project("{8BC9CEB8-8B4A-11D0-8D11-00A0C91BC942}") = "UWPPlatformLib", "UWPPlatformLib\UWPPlatformLib.vcxproj", "{91DBF905-E959-4382-9878-F5170FDE5649}"
	ProjectSection(ProjectDependencies) = postProject
		{2252AE5D-FA08-4A7A-9336-B9B65E98E592} = {2252AE5D-FA08-4A7A-9336-B9B65E98E592}
	EndProjectSection
EndProject
Global
	GlobalSection(SolutionConfigurationPlatforms) = preSolution
		Debug|Any CPU = Debug|Any CPU
		Debug|ARM = Debug|ARM
		Debug|x64 = Debug|x64
		Debug|x86 = Debug|x86
		Release|Any CPU = Release|Any CPU
		Release|ARM = Release|ARM
		Release|x64 = Release|x64
		Release|x86 = Release|x86
	EndGlobalSection
	GlobalSection(ProjectConfigurationPlatforms) = postSolution
		{577BE116-E553-4E07-8C79-79561DAEF459}.Debug|Any CPU.ActiveCfg = Debug|Win32
		{577BE116-E553-4E07-8C79-79561DAEF459}.Debug|ARM.ActiveCfg = Debug|ARM
		{577BE116-E553-4E07-8C79-79561DAEF459}.Debug|ARM.Build.0 = Debug|ARM
		{577BE116-E553-4E07-8C79-79561DAEF459}.Debug|ARM.Deploy.0 = Debug|ARM
		{577BE116-E553-4E07-8C79-79561DAEF459}.Debug|x64.ActiveCfg = Debug|x64
		{577BE116-E553-4E07-8C79-79561DAEF459}.Debug|x64.Build.0 = Debug|x64
		{577BE116-E553-4E07-8C79-79561DAEF459}.Debug|x64.Deploy.0 = Debug|x64
		{577BE116-E553-4E07-8C79-79561DAEF459}.Debug|x86.ActiveCfg = Debug|Win32
		{577BE116-E553-4E07-8C79-79561DAEF459}.Debug|x86.Build.0 = Debug|Win32
		{577BE116-E553-4E07-8C79-79561DAEF459}.Debug|x86.Deploy.0 = Debug|Win32
		{577BE116-E553-4E07-8C79-79561DAEF459}.Release|Any CPU.ActiveCfg = Release|Win32
		{577BE116-E553-4E07-8C79-79561DAEF459}.Release|ARM.ActiveCfg = Release|ARM
		{577BE116-E553-4E07-8C79-79561DAEF459}.Release|ARM.Build.0 = Release|ARM
		{577BE116-E553-4E07-8C79-79561DAEF459}.Release|ARM.Deploy.0 = Release|ARM
		{577BE116-E553-4E07-8C79-79561DAEF459}.Release|x64.ActiveCfg = Release|x64
		{577BE116-E553-4E07-8C79-79561DAEF459}.Release|x64.Build.0 = Release|x64
		{577BE116-E553-4E07-8C79-79561DAEF459}.Release|x64.Deploy.0 = Release|x64
		{577BE116-E553-4E07-8C79-79561DAEF459}.Release|x86.ActiveCfg = Release|Win32
		{577BE116-E553-4E07-8C79-79561DAEF459}.Release|x86.Build.0 = Release|Win32
		{577BE116-E553-4E07-8C79-79561DAEF459}.Release|x86.Deploy.0 = Release|Win32
		{2252AE5D-FA08-4A7A-9336-B9B65E98E592}.Debug|Any CPU.ActiveCfg = Debug|Win32
		{2252AE5D-FA08-4A7A-9336-B9B65E98E592}.Debug|ARM.ActiveCfg = Debug|ARM
		{2252AE5D-FA08-4A7A-9336-B9B65E98E592}.Debug|ARM.Build.0 = Debug|ARM
		{2252AE5D-FA08-4A7A-9336-B9B65E98E592}.Debug|x64.ActiveCfg = Debug|x64
		{2252AE5D-FA08-4A7A-9336-B9B65E98E592}.Debug|x64.Build.0 = Debug|x64
		{2252AE5D-FA08-4A7A-9336-B9B65E98E592}.Debug|x86.ActiveCfg = Debug|Win32
		{2252AE5D-FA08-4A7A-9336-B9B65E98E592}.Debug|x86.Build.0 = Debug|Win32
		{2252AE5D-FA08-4A7A-9336-B9B65E98E592}.Release|Any CPU.ActiveCfg = Release|Win32
		{2252AE5D-FA08-4A7A-9336-B9B65E98E592}.Release|ARM.ActiveCfg = Release|ARM
		{2252AE5D-FA08-4A7A-9336-B9B65E98E592}.Release|ARM.Build.0 = Release|ARM
		{2252AE5D-FA08-4A7A-9336-B9B65E98E592}.Release|x64.ActiveCfg = Release|x64
		{2252AE5D-FA08-4A7A-9336-B9B65E98E592}.Release|x64.Build.0 = Release|x64
		{2252AE5D-FA08-4A7A-9336-B9B65E98E592}.Release|x86.ActiveCfg = Release|Win32
		{2252AE5D-FA08-4A7A-9336-B9B65E98E592}.Release|x86.Build.0 = Release|Win32
		{91DBF905-E959-4382-9878-F5170FDE5649}.Debug|Any CPU.ActiveCfg = Debug|Win32
		{91DBF905-E959-4382-9878-F5170FDE5649}.Debug|ARM.ActiveCfg = Debug|ARM
		{91DBF905-E959-4382-9878-F5170FDE5649}.Debug|ARM.Build.0 = Debug|ARM
		{91DBF905-E959-4382-9878-F5170FDE5649}.Debug|x64.ActiveCfg = Debug|x64
		{91DBF905-E959-4382-9878-F5170FDE5649}.Debug|x64.Build.0 = Debug|x64
		{91DBF905-E959-4382-9878-F5170FDE5649}.Debug|x86.ActiveCfg = Debug|Win32
		{91DBF905-E959-4382-9878-F5170FDE5649}.Debug|x86.Build.0 = Debug|Win32
		{91DBF905-E959-4382-9878-F5170FDE5649}.Release|Any CPU.ActiveCfg = Release|Win32
		{91DBF905-E959-4382-9878-F5170FDE5649}.Release|ARM.ActiveCfg = Release|ARM
		{91DBF905-E959-4382-9878-F5170FDE5649}.Release|ARM.Build.0 = Release|ARM
		{91DBF905-E959-4382-9878-F5170FDE5649}.Release|x64.ActiveCfg = Release|x64
		{91DBF905-E959-4382-9878-F5170FDE5649}.Release|x64.Build.0 = Release|x64
		{91DBF905-E959-4382-9878-F5170FDE5649}.Release|x86.ActiveCfg = Release|Win32
		{91DBF905-E959-4382-9878-F5170FDE5649}.Release|x86.Build.0 = Release|Win32
	EndGlobalSection
	GlobalSection(SolutionProperties) = preSolution
		HideSolutionNode = FALSE
	EndGlobalSection
	GlobalSection(ExtensibilityGlobals) = postSolution
		SolutionGuid = {B5FA5697-1DB2-4A4D-BB9F-66056319038D}
	EndGlobalSection
EndGlobal
